
Microsoft Visual Studio Solution File, Format Version 12.00
# Visual Studio 15
VisualStudioVersion = 15.0.27703.2042
MinimumVisualStudioVersion = 10.0.40219.1
Project("{FAE04EC0-301F-11D3-BF4B-00C04F79EFBC}") = "Reprodutor_Video.Android", "Reprodutor_Video\Reprodutor_Video.Android\Reprodutor_Video.Android.csproj", "{F21AFF81-E8B4-42CB-A3D3-D332505C4D60}"
EndProject
Project("{FAE04EC0-301F-11D3-BF4B-00C04F79EFBC}") = "Reprodutor_Video.iOS", "Reprodutor_Video\Reprodutor_Video.iOS\Reprodutor_Video.iOS.csproj", "{B81306B5-7E9A-4447-903E-BC866284D58F}"
EndProject
Project("{FAE04EC0-301F-11D3-BF4B-00C04F79EFBC}") = "Reprodutor_Video.UWP", "Reprodutor_Video\Reprodutor_Video.UWP\Reprodutor_Video.UWP.csproj", "{5C204CEF-2EDB-4C52-AF7A-E1994462193F}"
EndProject
Project("{FAE04EC0-301F-11D3-BF4B-00C04F79EFBC}") = "Reprodutor_Video", "Reprodutor_Video\Reprodutor_Video\Reprodutor_Video.csproj", "{3DFB849D-180A-4244-984C-F277A5CCDDA9}"
EndProject
Global
	GlobalSection(SolutionConfigurationPlatforms) = preSolution
		Ad-Hoc|Any CPU = Ad-Hoc|Any CPU
		Ad-Hoc|ARM = Ad-Hoc|ARM
		Ad-Hoc|iPhone = Ad-Hoc|iPhone
		Ad-Hoc|iPhoneSimulator = Ad-Hoc|iPhoneSimulator
		Ad-Hoc|x64 = Ad-Hoc|x64
		Ad-Hoc|x86 = Ad-Hoc|x86
		AppStore|Any CPU = AppStore|Any CPU
		AppStore|ARM = AppStore|ARM
		AppStore|iPhone = AppStore|iPhone
		AppStore|iPhoneSimulator = AppStore|iPhoneSimulator
		AppStore|x64 = AppStore|x64
		AppStore|x86 = AppStore|x86
		Debug|Any CPU = Debug|Any CPU
		Debug|ARM = Debug|ARM
		Debug|iPhone = Debug|iPhone
		Debug|iPhoneSimulator = Debug|iPhoneSimulator
		Debug|x64 = Debug|x64
		Debug|x86 = Debug|x86
		Release|Any CPU = Release|Any CPU
		Release|ARM = Release|ARM
		Release|iPhone = Release|iPhone
		Release|iPhoneSimulator = Release|iPhoneSimulator
		Release|x64 = Release|x64
		Release|x86 = Release|x86
	EndGlobalSection
	GlobalSection(ProjectConfigurationPlatforms) = postSolution
		{F21AFF81-E8B4-42CB-A3D3-D332505C4D60}.Ad-Hoc|Any CPU.ActiveCfg = Release|Any CPU
		{F21AFF81-E8B4-42CB-A3D3-D332505C4D60}.Ad-Hoc|Any CPU.Build.0 = Release|Any CPU
		{F21AFF81-E8B4-42CB-A3D3-D332505C4D60}.Ad-Hoc|Any CPU.Deploy.0 = Release|Any CPU
		{F21AFF81-E8B4-42CB-A3D3-D332505C4D60}.Ad-Hoc|ARM.ActiveCfg = Release|Any CPU
		{F21AFF81-E8B4-42CB-A3D3-D332505C4D60}.Ad-Hoc|ARM.Build.0 = Release|Any CPU
		{F21AFF81-E8B4-42CB-A3D3-D332505C4D60}.Ad-Hoc|ARM.Deploy.0 = Release|Any CPU
		{F21AFF81-E8B4-42CB-A3D3-D332505C4D60}.Ad-Hoc|iPhone.ActiveCfg = Release|Any CPU
		{F21AFF81-E8B4-42CB-A3D3-D332505C4D60}.Ad-Hoc|iPhone.Build.0 = Release|Any CPU
		{F21AFF81-E8B4-42CB-A3D3-D332505C4D60}.Ad-Hoc|iPhone.Deploy.0 = Release|Any CPU
		{F21AFF81-E8B4-42CB-A3D3-D332505C4D60}.Ad-Hoc|iPhoneSimulator.ActiveCfg = Release|Any CPU
		{F21AFF81-E8B4-42CB-A3D3-D332505C4D60}.Ad-Hoc|iPhoneSimulator.Build.0 = Release|Any CPU
		{F21AFF81-E8B4-42CB-A3D3-D332505C4D60}.Ad-Hoc|iPhoneSimulator.Deploy.0 = Release|Any CPU
		{F21AFF81-E8B4-42CB-A3D3-D332505C4D60}.Ad-Hoc|x64.ActiveCfg = Release|Any CPU
		{F21AFF81-E8B4-42CB-A3D3-D332505C4D60}.Ad-Hoc|x64.Build.0 = Release|Any CPU
		{F21AFF81-E8B4-42CB-A3D3-D332505C4D60}.Ad-Hoc|x64.Deploy.0 = Release|Any CPU
		{F21AFF81-E8B4-42CB-A3D3-D332505C4D60}.Ad-Hoc|x86.ActiveCfg = Release|Any CPU
		{F21AFF81-E8B4-42CB-A3D3-D332505C4D60}.Ad-Hoc|x86.Build.0 = Release|Any CPU
		{F21AFF81-E8B4-42CB-A3D3-D332505C4D60}.Ad-Hoc|x86.Deploy.0 = Release|Any CPU
		{F21AFF81-E8B4-42CB-A3D3-D332505C4D60}.AppStore|Any CPU.ActiveCfg = Release|Any CPU
		{F21AFF81-E8B4-42CB-A3D3-D332505C4D60}.AppStore|Any CPU.Build.0 = Release|Any CPU
		{F21AFF81-E8B4-42CB-A3D3-D332505C4D60}.AppStore|Any CPU.Deploy.0 = Release|Any CPU
		{F21AFF81-E8B4-42CB-A3D3-D332505C4D60}.AppStore|ARM.ActiveCfg = Release|Any CPU
		{F21AFF81-E8B4-42CB-A3D3-D332505C4D60}.AppStore|ARM.Build.0 = Release|Any CPU
		{F21AFF81-E8B4-42CB-A3D3-D332505C4D60}.AppStore|ARM.Deploy.0 = Release|Any CPU
		{F21AFF81-E8B4-42CB-A3D3-D332505C4D60}.AppStore|iPhone.ActiveCfg = Release|Any CPU
		{F21AFF81-E8B4-42CB-A3D3-D332505C4D60}.AppStore|iPhone.Build.0 = Release|Any CPU
		{F21AFF81-E8B4-42CB-A3D3-D332505C4D60}.AppStore|iPhone.Deploy.0 = Release|Any CPU
		{F21AFF81-E8B4-42CB-A3D3-D332505C4D60}.AppStore|iPhoneSimulator.ActiveCfg = Release|Any CPU
		{F21AFF81-E8B4-42CB-A3D3-D332505C4D60}.AppStore|iPhoneSimulator.Build.0 = Release|Any CPU
		{F21AFF81-E8B4-42CB-A3D3-D332505C4D60}.AppStore|iPhoneSimulator.Deploy.0 = Release|Any CPU
		{F21AFF81-E8B4-42CB-A3D3-D332505C4D60}.AppStore|x64.ActiveCfg = Release|Any CPU
		{F21AFF81-E8B4-42CB-A3D3-D332505C4D60}.AppStore|x64.Build.0 = Release|Any CPU
		{F21AFF81-E8B4-42CB-A3D3-D332505C4D60}.AppStore|x64.Deploy.0 = Release|Any CPU
		{F21AFF81-E8B4-42CB-A3D3-D332505C4D60}.AppStore|x86.ActiveCfg = Release|Any CPU
		{F21AFF81-E8B4-42CB-A3D3-D332505C4D60}.AppStore|x86.Build.0 = Release|Any CPU
		{F21AFF81-E8B4-42CB-A3D3-D332505C4D60}.AppStore|x86.Deploy.0 = Release|Any CPU
		{F21AFF81-E8B4-42CB-A3D3-D332505C4D60}.Debug|Any CPU.ActiveCfg = Debug|Any CPU
		{F21AFF81-E8B4-42CB-A3D3-D332505C4D60}.Debug|Any CPU.Build.0 = Debug|Any CPU
		{F21AFF81-E8B4-42CB-A3D3-D332505C4D60}.Debug|Any CPU.Deploy.0 = Debug|Any CPU
		{F21AFF81-E8B4-42CB-A3D3-D332505C4D60}.Debug|ARM.ActiveCfg = Debug|Any CPU
		{F21AFF81-E8B4-42CB-A3D3-D332505C4D60}.Debug|ARM.Build.0 = Debug|Any CPU
		{F21AFF81-E8B4-42CB-A3D3-D332505C4D60}.Debug|ARM.Deploy.0 = Debug|Any CPU
		{F21AFF81-E8B4-42CB-A3D3-D332505C4D60}.Debug|iPhone.ActiveCfg = Debug|Any CPU
		{F21AFF81-E8B4-42CB-A3D3-D332505C4D60}.Debug|iPhone.Build.0 = Debug|Any CPU
		{F21AFF81-E8B4-42CB-A3D3-D332505C4D60}.Debug|iPhone.Deploy.0 = Debug|Any CPU
		{F21AFF81-E8B4-42CB-A3D3-D332505C4D60}.Debug|iPhoneSimulator.ActiveCfg = Debug|Any CPU
		{F21AFF81-E8B4-42CB-A3D3-D332505C4D60}.Debug|iPhoneSimulator.Build.0 = Debug|Any CPU
		{F21AFF81-E8B4-42CB-A3D3-D332505C4D60}.Debug|iPhoneSimulator.Deploy.0 = Debug|Any CPU
		{F21AFF81-E8B4-42CB-A3D3-D332505C4D60}.Debug|x64.ActiveCfg = Debug|Any CPU
		{F21AFF81-E8B4-42CB-A3D3-D332505C4D60}.Debug|x64.Build.0 = Debug|Any CPU
		{F21AFF81-E8B4-42CB-A3D3-D332505C4D60}.Debug|x64.Deploy.0 = Debug|Any CPU
		{F21AFF81-E8B4-42CB-A3D3-D332505C4D60}.Debug|x86.ActiveCfg = Debug|Any CPU
		{F21AFF81-E8B4-42CB-A3D3-D332505C4D60}.Debug|x86.Build.0 = Debug|Any CPU
		{F21AFF81-E8B4-42CB-A3D3-D332505C4D60}.Debug|x86.Deploy.0 = Debug|Any CPU
		{F21AFF81-E8B4-42CB-A3D3-D332505C4D60}.Release|Any CPU.ActiveCfg = Release|Any CPU
		{F21AFF81-E8B4-42CB-A3D3-D332505C4D60}.Release|Any CPU.Build.0 = Release|Any CPU
		{F21AFF81-E8B4-42CB-A3D3-D332505C4D60}.Release|Any CPU.Deploy.0 = Release|Any CPU
		{F21AFF81-E8B4-42CB-A3D3-D332505C4D60}.Release|ARM.ActiveCfg = Release|Any CPU
		{F21AFF81-E8B4-42CB-A3D3-D332505C4D60}.Release|ARM.Build.0 = Release|Any CPU
		{F21AFF81-E8B4-42CB-A3D3-D332505C4D60}.Release|ARM.Deploy.0 = Release|Any CPU
		{F21AFF81-E8B4-42CB-A3D3-D332505C4D60}.Release|iPhone.ActiveCfg = Release|Any CPU
		{F21AFF81-E8B4-42CB-A3D3-D332505C4D60}.Release|iPhone.Build.0 = Release|Any CPU
		{F21AFF81-E8B4-42CB-A3D3-D332505C4D60}.Release|iPhone.Deploy.0 = Release|Any CPU
		{F21AFF81-E8B4-42CB-A3D3-D332505C4D60}.Release|iPhoneSimulator.ActiveCfg = Release|Any CPU
		{F21AFF81-E8B4-42CB-A3D3-D332505C4D60}.Release|iPhoneSimulator.Build.0 = Release|Any CPU
		{F21AFF81-E8B4-42CB-A3D3-D332505C4D60}.Release|iPhoneSimulator.Deploy.0 = Release|Any CPU
		{F21AFF81-E8B4-42CB-A3D3-D332505C4D60}.Release|x64.ActiveCfg = Release|Any CPU
		{F21AFF81-E8B4-42CB-A3D3-D332505C4D60}.Release|x64.Build.0 = Release|Any CPU
		{F21AFF81-E8B4-42CB-A3D3-D332505C4D60}.Release|x64.Deploy.0 = Release|Any CPU
		{F21AFF81-E8B4-42CB-A3D3-D332505C4D60}.Release|x86.ActiveCfg = Release|Any CPU
		{F21AFF81-E8B4-42CB-A3D3-D332505C4D60}.Release|x86.Build.0 = Release|Any CPU
		{F21AFF81-E8B4-42CB-A3D3-D332505C4D60}.Release|x86.Deploy.0 = Release|Any CPU
		{B81306B5-7E9A-4447-903E-BC866284D58F}.Ad-Hoc|Any CPU.ActiveCfg = Ad-Hoc|iPhone
		{B81306B5-7E9A-4447-903E-BC866284D58F}.Ad-Hoc|Any CPU.Build.0 = Ad-Hoc|iPhone
		{B81306B5-7E9A-4447-903E-BC866284D58F}.Ad-Hoc|Any CPU.Deploy.0 = Ad-Hoc|iPhone
		{B81306B5-7E9A-4447-903E-BC866284D58F}.Ad-Hoc|ARM.ActiveCfg = Ad-Hoc|iPhone
		{B81306B5-7E9A-4447-903E-BC866284D58F}.Ad-Hoc|ARM.Build.0 = Ad-Hoc|iPhone
		{B81306B5-7E9A-4447-903E-BC866284D58F}.Ad-Hoc|ARM.Deploy.0 = Ad-Hoc|iPhone
		{B81306B5-7E9A-4447-903E-BC866284D58F}.Ad-Hoc|iPhone.ActiveCfg = Ad-Hoc|iPhone
		{B81306B5-7E9A-4447-903E-BC866284D58F}.Ad-Hoc|iPhone.Build.0 = Ad-Hoc|iPhone
		{B81306B5-7E9A-4447-903E-BC866284D58F}.Ad-Hoc|iPhone.Deploy.0 = Ad-Hoc|iPhone
		{B81306B5-7E9A-4447-903E-BC866284D58F}.Ad-Hoc|iPhoneSimulator.ActiveCfg = Ad-Hoc|iPhoneSimulator
		{B81306B5-7E9A-4447-903E-BC866284D58F}.Ad-Hoc|iPhoneSimulator.Build.0 = Ad-Hoc|iPhoneSimulator
		{B81306B5-7E9A-4447-903E-BC866284D58F}.Ad-Hoc|iPhoneSimulator.Deploy.0 = Ad-Hoc|iPhoneSimulator
		{B81306B5-7E9A-4447-903E-BC866284D58F}.Ad-Hoc|x64.ActiveCfg = Ad-Hoc|iPhone
		{B81306B5-7E9A-4447-903E-BC866284D58F}.Ad-Hoc|x64.Build.0 = Ad-Hoc|iPhone
		{B81306B5-7E9A-4447-903E-BC866284D58F}.Ad-Hoc|x64.Deploy.0 = Ad-Hoc|iPhone
		{B81306B5-7E9A-4447-903E-BC866284D58F}.Ad-Hoc|x86.ActiveCfg = Ad-Hoc|iPhone
		{B81306B5-7E9A-4447-903E-BC866284D58F}.Ad-Hoc|x86.Build.0 = Ad-Hoc|iPhone
		{B81306B5-7E9A-4447-903E-BC866284D58F}.Ad-Hoc|x86.Deploy.0 = Ad-Hoc|iPhone
		{B81306B5-7E9A-4447-903E-BC866284D58F}.AppStore|Any CPU.ActiveCfg = AppStore|iPhone
		{B81306B5-7E9A-4447-903E-BC866284D58F}.AppStore|Any CPU.Build.0 = AppStore|iPhone
		{B81306B5-7E9A-4447-903E-BC866284D58F}.AppStore|Any CPU.Deploy.0 = AppStore|iPhone
		{B81306B5-7E9A-4447-903E-BC866284D58F}.AppStore|ARM.ActiveCfg = AppStore|iPhone
		{B81306B5-7E9A-4447-903E-BC866284D58F}.AppStore|ARM.Build.0 = AppStore|iPhone
		{B81306B5-7E9A-4447-903E-BC866284D58F}.AppStore|ARM.Deploy.0 = AppStore|iPhone
		{B81306B5-7E9A-4447-903E-BC866284D58F}.AppStore|iPhone.ActiveCfg = AppStore|iPhone
		{B81306B5-7E9A-4447-903E-BC866284D58F}.AppStore|iPhone.Build.0 = AppStore|iPhone
		{B81306B5-7E9A-4447-903E-BC866284D58F}.AppStore|iPhone.Deploy.0 = AppStore|iPhone
		{B81306B5-7E9A-4447-903E-BC866284D58F}.AppStore|iPhoneSimulator.ActiveCfg = AppStore|iPhoneSimulator
		{B81306B5-7E9A-4447-903E-BC866284D58F}.AppStore|iPhoneSimulator.Build.0 = AppStore|iPhoneSimulator
		{B81306B5-7E9A-4447-903E-BC866284D58F}.AppStore|iPhoneSimulator.Deploy.0 = AppStore|iPhoneSimulator
		{B81306B5-7E9A-4447-903E-BC866284D58F}.AppStore|x64.ActiveCfg = AppStore|iPhone
		{B81306B5-7E9A-4447-903E-BC866284D58F}.AppStore|x64.Build.0 = AppStore|iPhone
		{B81306B5-7E9A-4447-903E-BC866284D58F}.AppStore|x64.Deploy.0 = AppStore|iPhone
		{B81306B5-7E9A-4447-903E-BC866284D58F}.AppStore|x86.ActiveCfg = AppStore|iPhone
		{B81306B5-7E9A-4447-903E-BC866284D58F}.AppStore|x86.Build.0 = AppStore|iPhone
		{B81306B5-7E9A-4447-903E-BC866284D58F}.AppStore|x86.Deploy.0 = AppStore|iPhone
		{B81306B5-7E9A-4447-903E-BC866284D58F}.Debug|Any CPU.ActiveCfg = Debug|iPhoneSimulator
		{B81306B5-7E9A-4447-903E-BC866284D58F}.Debug|Any CPU.Build.0 = Debug|iPhoneSimulator
		{B81306B5-7E9A-4447-903E-BC866284D58F}.Debug|Any CPU.Deploy.0 = Debug|iPhoneSimulator
		{B81306B5-7E9A-4447-903E-BC866284D58F}.Debug|ARM.ActiveCfg = Debug|iPhone
		{B81306B5-7E9A-4447-903E-BC866284D58F}.Debug|ARM.Build.0 = Debug|iPhone
		{B81306B5-7E9A-4447-903E-BC866284D58F}.Debug|ARM.Deploy.0 = Debug|iPhone
		{B81306B5-7E9A-4447-903E-BC866284D58F}.Debug|iPhone.ActiveCfg = Debug|iPhone
		{B81306B5-7E9A-4447-903E-BC866284D58F}.Debug|iPhone.Build.0 = Debug|iPhone
		{B81306B5-7E9A-4447-903E-BC866284D58F}.Debug|iPhone.Deploy.0 = Debug|iPhone
		{B81306B5-7E9A-4447-903E-BC866284D58F}.Debug|iPhoneSimulator.ActiveCfg = Debug|iPhoneSimulator
		{B81306B5-7E9A-4447-903E-BC866284D58F}.Debug|iPhoneSimulator.Build.0 = Debug|iPhoneSimulator
		{B81306B5-7E9A-4447-903E-BC866284D58F}.Debug|iPhoneSimulator.Deploy.0 = Debug|iPhoneSimulator
		{B81306B5-7E9A-4447-903E-BC866284D58F}.Debug|x64.ActiveCfg = Debug|iPhone
		{B81306B5-7E9A-4447-903E-BC866284D58F}.Debug|x64.Build.0 = Debug|iPhone
		{B81306B5-7E9A-4447-903E-BC866284D58F}.Debug|x64.Deploy.0 = Debug|iPhone
		{B81306B5-7E9A-4447-903E-BC866284D58F}.Debug|x86.ActiveCfg = Debug|iPhone
		{B81306B5-7E9A-4447-903E-BC866284D58F}.Debug|x86.Build.0 = Debug|iPhone
		{B81306B5-7E9A-4447-903E-BC866284D58F}.Debug|x86.Deploy.0 = Debug|iPhone
		{B81306B5-7E9A-4447-903E-BC866284D58F}.Release|Any CPU.ActiveCfg = Release|iPhone
		{B81306B5-7E9A-4447-903E-BC866284D58F}.Release|Any CPU.Build.0 = Release|iPhone
		{B81306B5-7E9A-4447-903E-BC866284D58F}.Release|Any CPU.Deploy.0 = Release|iPhone
		{B81306B5-7E9A-4447-903E-BC866284D58F}.Release|ARM.ActiveCfg = Release|iPhone
		{B81306B5-7E9A-4447-903E-BC866284D58F}.Release|ARM.Build.0 = Release|iPhone
		{B81306B5-7E9A-4447-903E-BC866284D58F}.Release|ARM.Deploy.0 = Release|iPhone
		{B81306B5-7E9A-4447-903E-BC866284D58F}.Release|iPhone.ActiveCfg = Release|iPhone
		{B81306B5-7E9A-4447-903E-BC866284D58F}.Release|iPhone.Build.0 = Release|iPhone
		{B81306B5-7E9A-4447-903E-BC866284D58F}.Release|iPhone.Deploy.0 = Release|iPhone
		{B81306B5-7E9A-4447-903E-BC866284D58F}.Release|iPhoneSimulator.ActiveCfg = Release|iPhoneSimulator
		{B81306B5-7E9A-4447-903E-BC866284D58F}.Release|iPhoneSimulator.Build.0 = Release|iPhoneSimulator
		{B81306B5-7E9A-4447-903E-BC866284D58F}.Release|iPhoneSimulator.Deploy.0 = Release|iPhoneSimulator
		{B81306B5-7E9A-4447-903E-BC866284D58F}.Release|x64.ActiveCfg = Release|iPhone
		{B81306B5-7E9A-4447-903E-BC866284D58F}.Release|x64.Build.0 = Release|iPhone
		{B81306B5-7E9A-4447-903E-BC866284D58F}.Release|x64.Deploy.0 = Release|iPhone
		{B81306B5-7E9A-4447-903E-BC866284D58F}.Release|x86.ActiveCfg = Release|iPhone
		{B81306B5-7E9A-4447-903E-BC866284D58F}.Release|x86.Build.0 = Release|iPhone
		{B81306B5-7E9A-4447-903E-BC866284D58F}.Release|x86.Deploy.0 = Release|iPhone
		{5C204CEF-2EDB-4C52-AF7A-E1994462193F}.Ad-Hoc|Any CPU.ActiveCfg = Release|x86
		{5C204CEF-2EDB-4C52-AF7A-E1994462193F}.Ad-Hoc|Any CPU.Build.0 = Release|x86
		{5C204CEF-2EDB-4C52-AF7A-E1994462193F}.Ad-Hoc|Any CPU.Deploy.0 = Release|x86
		{5C204CEF-2EDB-4C52-AF7A-E1994462193F}.Ad-Hoc|ARM.ActiveCfg = Release|ARM
		{5C204CEF-2EDB-4C52-AF7A-E1994462193F}.Ad-Hoc|ARM.Build.0 = Release|ARM
		{5C204CEF-2EDB-4C52-AF7A-E1994462193F}.Ad-Hoc|ARM.Deploy.0 = Release|ARM
		{5C204CEF-2EDB-4C52-AF7A-E1994462193F}.Ad-Hoc|iPhone.ActiveCfg = Release|x86
		{5C204CEF-2EDB-4C52-AF7A-E1994462193F}.Ad-Hoc|iPhone.Build.0 = Release|x86
		{5C204CEF-2EDB-4C52-AF7A-E1994462193F}.Ad-Hoc|iPhone.Deploy.0 = Release|x86
		{5C204CEF-2EDB-4C52-AF7A-E1994462193F}.Ad-Hoc|iPhoneSimulator.ActiveCfg = Release|x86
		{5C204CEF-2EDB-4C52-AF7A-E1994462193F}.Ad-Hoc|iPhoneSimulator.Build.0 = Release|x86
		{5C204CEF-2EDB-4C52-AF7A-E1994462193F}.Ad-Hoc|iPhoneSimulator.Deploy.0 = Release|x86
		{5C204CEF-2EDB-4C52-AF7A-E1994462193F}.Ad-Hoc|x64.ActiveCfg = Release|x64
		{5C204CEF-2EDB-4C52-AF7A-E1994462193F}.Ad-Hoc|x64.Build.0 = Release|x64
		{5C204CEF-2EDB-4C52-AF7A-E1994462193F}.Ad-Hoc|x64.Deploy.0 = Release|x64
		{5C204CEF-2EDB-4C52-AF7A-E1994462193F}.Ad-Hoc|x86.ActiveCfg = Release|x86
		{5C204CEF-2EDB-4C52-AF7A-E1994462193F}.Ad-Hoc|x86.Build.0 = Release|x86
		{5C204CEF-2EDB-4C52-AF7A-E1994462193F}.Ad-Hoc|x86.Deploy.0 = Release|x86
		{5C204CEF-2EDB-4C52-AF7A-E1994462193F}.AppStore|Any CPU.ActiveCfg = Release|x86
		{5C204CEF-2EDB-4C52-AF7A-E1994462193F}.AppStore|Any CPU.Build.0 = Release|x86
		{5C204CEF-2EDB-4C52-AF7A-E1994462193F}.AppStore|Any CPU.Deploy.0 = Release|x86
		{5C204CEF-2EDB-4C52-AF7A-E1994462193F}.AppStore|ARM.ActiveCfg = Release|ARM
		{5C204CEF-2EDB-4C52-AF7A-E1994462193F}.AppStore|ARM.Build.0 = Release|ARM
		{5C204CEF-2EDB-4C52-AF7A-E1994462193F}.AppStore|ARM.Deploy.0 = Release|ARM
		{5C204CEF-2EDB-4C52-AF7A-E1994462193F}.AppStore|iPhone.ActiveCfg = Release|x86
		{5C204CEF-2EDB-4C52-AF7A-E1994462193F}.AppStore|iPhone.Build.0 = Release|x86
		{5C204CEF-2EDB-4C52-AF7A-E1994462193F}.AppStore|iPhone.Deploy.0 = Release|x86
		{5C204CEF-2EDB-4C52-AF7A-E1994462193F}.AppStore|iPhoneSimulator.ActiveCfg = Release|x86
		{5C204CEF-2EDB-4C52-AF7A-E1994462193F}.AppStore|iPhoneSimulator.Build.0 = Release|x86
		{5C204CEF-2EDB-4C52-AF7A-E1994462193F}.AppStore|iPhoneSimulator.Deploy.0 = Release|x86
		{5C204CEF-2EDB-4C52-AF7A-E1994462193F}.AppStore|x64.ActiveCfg = Release|x64
		{5C204CEF-2EDB-4C52-AF7A-E1994462193F}.AppStore|x64.Build.0 = Release|x64
		{5C204CEF-2EDB-4C52-AF7A-E1994462193F}.AppStore|x64.Deploy.0 = Release|x64
		{5C204CEF-2EDB-4C52-AF7A-E1994462193F}.AppStore|x86.ActiveCfg = Release|x86
		{5C204CEF-2EDB-4C52-AF7A-E1994462193F}.AppStore|x86.Build.0 = Release|x86
		{5C204CEF-2EDB-4C52-AF7A-E1994462193F}.AppStore|x86.Deploy.0 = Release|x86
		{5C204CEF-2EDB-4C52-AF7A-E1994462193F}.Debug|Any CPU.ActiveCfg = Debug|x86
		{5C204CEF-2EDB-4C52-AF7A-E1994462193F}.Debug|Any CPU.Build.0 = Debug|x86
		{5C204CEF-2EDB-4C52-AF7A-E1994462193F}.Debug|Any CPU.Deploy.0 = Debug|x86
		{5C204CEF-2EDB-4C52-AF7A-E1994462193F}.Debug|ARM.ActiveCfg = Debug|ARM
		{5C204CEF-2EDB-4C52-AF7A-E1994462193F}.Debug|ARM.Build.0 = Debug|ARM
		{5C204CEF-2EDB-4C52-AF7A-E1994462193F}.Debug|ARM.Deploy.0 = Debug|ARM
		{5C204CEF-2EDB-4C52-AF7A-E1994462193F}.Debug|iPhone.ActiveCfg = Debug|x86
		{5C204CEF-2EDB-4C52-AF7A-E1994462193F}.Debug|iPhone.Build.0 = Debug|x86
		{5C204CEF-2EDB-4C52-AF7A-E1994462193F}.Debug|iPhone.Deploy.0 = Debug|x86
		{5C204CEF-2EDB-4C52-AF7A-E1994462193F}.Debug|iPhoneSimulator.ActiveCfg = Debug|x86
		{5C204CEF-2EDB-4C52-AF7A-E1994462193F}.Debug|iPhoneSimulator.Build.0 = Debug|x86
		{5C204CEF-2EDB-4C52-AF7A-E1994462193F}.Debug|iPhoneSimulator.Deploy.0 = Debug|x86
		{5C204CEF-2EDB-4C52-AF7A-E1994462193F}.Debug|x64.ActiveCfg = Debug|x64
		{5C204CEF-2EDB-4C52-AF7A-E1994462193F}.Debug|x64.Build.0 = Debug|x64
		{5C204CEF-2EDB-4C52-AF7A-E1994462193F}.Debug|x64.Deploy.0 = Debug|x64
		{5C204CEF-2EDB-4C52-AF7A-E1994462193F}.Debug|x86.ActiveCfg = Debug|x86
		{5C204CEF-2EDB-4C52-AF7A-E1994462193F}.Debug|x86.Build.0 = Debug|x86
		{5C204CEF-2EDB-4C52-AF7A-E1994462193F}.Debug|x86.Deploy.0 = Debug|x86
		{5C204CEF-2EDB-4C52-AF7A-E1994462193F}.Release|Any CPU.ActiveCfg = Release|x86
		{5C204CEF-2EDB-4C52-AF7A-E1994462193F}.Release|Any CPU.Build.0 = Release|x86
		{5C204CEF-2EDB-4C52-AF7A-E1994462193F}.Release|Any CPU.Deploy.0 = Release|x86
		{5C204CEF-2EDB-4C52-AF7A-E1994462193F}.Release|ARM.ActiveCfg = Release|ARM
		{5C204CEF-2EDB-4C52-AF7A-E1994462193F}.Release|ARM.Build.0 = Release|ARM
		{5C204CEF-2EDB-4C52-AF7A-E1994462193F}.Release|ARM.Deploy.0 = Release|ARM
		{5C204CEF-2EDB-4C52-AF7A-E1994462193F}.Release|iPhone.ActiveCfg = Release|x86
		{5C204CEF-2EDB-4C52-AF7A-E1994462193F}.Release|iPhone.Build.0 = Release|x86
		{5C204CEF-2EDB-4C52-AF7A-E1994462193F}.Release|iPhone.Deploy.0 = Release|x86
		{5C204CEF-2EDB-4C52-AF7A-E1994462193F}.Release|iPhoneSimulator.ActiveCfg = Release|x86
		{5C204CEF-2EDB-4C52-AF7A-E1994462193F}.Release|iPhoneSimulator.Build.0 = Release|x86
		{5C204CEF-2EDB-4C52-AF7A-E1994462193F}.Release|iPhoneSimulator.Deploy.0 = Release|x86
		{5C204CEF-2EDB-4C52-AF7A-E1994462193F}.Release|x64.ActiveCfg = Release|x64
		{5C204CEF-2EDB-4C52-AF7A-E1994462193F}.Release|x64.Build.0 = Release|x64
		{5C204CEF-2EDB-4C52-AF7A-E1994462193F}.Release|x64.Deploy.0 = Release|x64
		{5C204CEF-2EDB-4C52-AF7A-E1994462193F}.Release|x86.ActiveCfg = Release|x86
		{5C204CEF-2EDB-4C52-AF7A-E1994462193F}.Release|x86.Build.0 = Release|x86
		{5C204CEF-2EDB-4C52-AF7A-E1994462193F}.Release|x86.Deploy.0 = Release|x86
		{3DFB849D-180A-4244-984C-F277A5CCDDA9}.Ad-Hoc|Any CPU.ActiveCfg = Debug|Any CPU
		{3DFB849D-180A-4244-984C-F277A5CCDDA9}.Ad-Hoc|Any CPU.Build.0 = Debug|Any CPU
		{3DFB849D-180A-4244-984C-F277A5CCDDA9}.Ad-Hoc|Any CPU.Deploy.0 = Debug|Any CPU
		{3DFB849D-180A-4244-984C-F277A5CCDDA9}.Ad-Hoc|ARM.ActiveCfg = Debug|Any CPU
		{3DFB849D-180A-4244-984C-F277A5CCDDA9}.Ad-Hoc|ARM.Build.0 = Debug|Any CPU
		{3DFB849D-180A-4244-984C-F277A5CCDDA9}.Ad-Hoc|ARM.Deploy.0 = Debug|Any CPU
		{3DFB849D-180A-4244-984C-F277A5CCDDA9}.Ad-Hoc|iPhone.ActiveCfg = Debug|Any CPU
		{3DFB849D-180A-4244-984C-F277A5CCDDA9}.Ad-Hoc|iPhone.Build.0 = Debug|Any CPU
		{3DFB849D-180A-4244-984C-F277A5CCDDA9}.Ad-Hoc|iPhone.Deploy.0 = Debug|Any CPU
		{3DFB849D-180A-4244-984C-F277A5CCDDA9}.Ad-Hoc|iPhoneSimulator.ActiveCfg = Debug|Any CPU
		{3DFB849D-180A-4244-984C-F277A5CCDDA9}.Ad-Hoc|iPhoneSimulator.Build.0 = Debug|Any CPU
		{3DFB849D-180A-4244-984C-F277A5CCDDA9}.Ad-Hoc|iPhoneSimulator.Deploy.0 = Debug|Any CPU
		{3DFB849D-180A-4244-984C-F277A5CCDDA9}.Ad-Hoc|x64.ActiveCfg = Debug|Any CPU
		{3DFB849D-180A-4244-984C-F277A5CCDDA9}.Ad-Hoc|x64.Build.0 = Debug|Any CPU
		{3DFB849D-180A-4244-984C-F277A5CCDDA9}.Ad-Hoc|x64.Deploy.0 = Debug|Any CPU
		{3DFB849D-180A-4244-984C-F277A5CCDDA9}.Ad-Hoc|x86.ActiveCfg = Debug|Any CPU
		{3DFB849D-180A-4244-984C-F277A5CCDDA9}.Ad-Hoc|x86.Build.0 = Debug|Any CPU
		{3DFB849D-180A-4244-984C-F277A5CCDDA9}.Ad-Hoc|x86.Deploy.0 = Debug|Any CPU
		{3DFB849D-180A-4244-984C-F277A5CCDDA9}.AppStore|Any CPU.ActiveCfg = Debug|Any CPU
		{3DFB849D-180A-4244-984C-F277A5CCDDA9}.AppStore|Any CPU.Build.0 = Debug|Any CPU
		{3DFB849D-180A-4244-984C-F277A5CCDDA9}.AppStore|Any CPU.Deploy.0 = Debug|Any CPU
		{3DFB849D-180A-4244-984C-F277A5CCDDA9}.AppStore|ARM.ActiveCfg = Debug|Any CPU
		{3DFB849D-180A-4244-984C-F277A5CCDDA9}.AppStore|ARM.Build.0 = Debug|Any CPU
		{3DFB849D-180A-4244-984C-F277A5CCDDA9}.AppStore|ARM.Deploy.0 = Debug|Any CPU
		{3DFB849D-180A-4244-984C-F277A5CCDDA9}.AppStore|iPhone.ActiveCfg = Debug|Any CPU
		{3DFB849D-180A-4244-984C-F277A5CCDDA9}.AppStore|iPhone.Build.0 = Debug|Any CPU
		{3DFB849D-180A-4244-984C-F277A5CCDDA9}.AppStore|iPhone.Deploy.0 = Debug|Any CPU
		{3DFB849D-180A-4244-984C-F277A5CCDDA9}.AppStore|iPhoneSimulator.ActiveCfg = Debug|Any CPU
		{3DFB849D-180A-4244-984C-F277A5CCDDA9}.AppStore|iPhoneSimulator.Build.0 = Debug|Any CPU
		{3DFB849D-180A-4244-984C-F277A5CCDDA9}.AppStore|iPhoneSimulator.Deploy.0 = Debug|Any CPU
		{3DFB849D-180A-4244-984C-F277A5CCDDA9}.AppStore|x64.ActiveCfg = Debug|Any CPU
		{3DFB849D-180A-4244-984C-F277A5CCDDA9}.AppStore|x64.Build.0 = Debug|Any CPU
		{3DFB849D-180A-4244-984C-F277A5CCDDA9}.AppStore|x64.Deploy.0 = Debug|Any CPU
		{3DFB849D-180A-4244-984C-F277A5CCDDA9}.AppStore|x86.ActiveCfg = Debug|Any CPU
		{3DFB849D-180A-4244-984C-F277A5CCDDA9}.AppStore|x86.Build.0 = Debug|Any CPU
		{3DFB849D-180A-4244-984C-F277A5CCDDA9}.AppStore|x86.Deploy.0 = Debug|Any CPU
		{3DFB849D-180A-4244-984C-F277A5CCDDA9}.Debug|Any CPU.ActiveCfg = Debug|Any CPU
		{3DFB849D-180A-4244-984C-F277A5CCDDA9}.Debug|Any CPU.Build.0 = Debug|Any CPU
		{3DFB849D-180A-4244-984C-F277A5CCDDA9}.Debug|Any CPU.Deploy.0 = Debug|Any CPU
		{3DFB849D-180A-4244-984C-F277A5CCDDA9}.Debug|ARM.ActiveCfg = Debug|Any CPU
		{3DFB849D-180A-4244-984C-F277A5CCDDA9}.Debug|ARM.Build.0 = Debug|Any CPU
		{3DFB849D-180A-4244-984C-F277A5CCDDA9}.Debug|ARM.Deploy.0 = Debug|Any CPU
		{3DFB849D-180A-4244-984C-F277A5CCDDA9}.Debug|iPhone.ActiveCfg = Debug|Any CPU
		{3DFB849D-180A-4244-984C-F277A5CCDDA9}.Debug|iPhone.Build.0 = Debug|Any CPU
		{3DFB849D-180A-4244-984C-F277A5CCDDA9}.Debug|iPhone.Deploy.0 = Debug|Any CPU
		{3DFB849D-180A-4244-984C-F277A5CCDDA9}.Debug|iPhoneSimulator.ActiveCfg = Debug|Any CPU
		{3DFB849D-180A-4244-984C-F277A5CCDDA9}.Debug|iPhoneSimulator.Build.0 = Debug|Any CPU
		{3DFB849D-180A-4244-984C-F277A5CCDDA9}.Debug|iPhoneSimulator.Deploy.0 = Debug|Any CPU
		{3DFB849D-180A-4244-984C-F277A5CCDDA9}.Debug|x64.ActiveCfg = Debug|Any CPU
		{3DFB849D-180A-4244-984C-F277A5CCDDA9}.Debug|x64.Build.0 = Debug|Any CPU
		{3DFB849D-180A-4244-984C-F277A5CCDDA9}.Debug|x64.Deploy.0 = Debug|Any CPU
		{3DFB849D-180A-4244-984C-F277A5CCDDA9}.Debug|x86.ActiveCfg = Debug|Any CPU
		{3DFB849D-180A-4244-984C-F277A5CCDDA9}.Debug|x86.Build.0 = Debug|Any CPU
		{3DFB849D-180A-4244-984C-F277A5CCDDA9}.Debug|x86.Deploy.0 = Debug|Any CPU
		{3DFB849D-180A-4244-984C-F277A5CCDDA9}.Release|Any CPU.ActiveCfg = Release|Any CPU
		{3DFB849D-180A-4244-984C-F277A5CCDDA9}.Release|Any CPU.Build.0 = Release|Any CPU
		{3DFB849D-180A-4244-984C-F277A5CCDDA9}.Release|Any CPU.Deploy.0 = Release|Any CPU
		{3DFB849D-180A-4244-984C-F277A5CCDDA9}.Release|ARM.ActiveCfg = Release|Any CPU
		{3DFB849D-180A-4244-984C-F277A5CCDDA9}.Release|ARM.Build.0 = Release|Any CPU
		{3DFB849D-180A-4244-984C-F277A5CCDDA9}.Release|ARM.Deploy.0 = Release|Any CPU
		{3DFB849D-180A-4244-984C-F277A5CCDDA9}.Release|iPhone.ActiveCfg = Release|Any CPU
		{3DFB849D-180A-4244-984C-F277A5CCDDA9}.Release|iPhone.Build.0 = Release|Any CPU
		{3DFB849D-180A-4244-984C-F277A5CCDDA9}.Release|iPhone.Deploy.0 = Release|Any CPU
		{3DFB849D-180A-4244-984C-F277A5CCDDA9}.Release|iPhoneSimulator.ActiveCfg = Release|Any CPU
		{3DFB849D-180A-4244-984C-F277A5CCDDA9}.Release|iPhoneSimulator.Build.0 = Release|Any CPU
		{3DFB849D-180A-4244-984C-F277A5CCDDA9}.Release|iPhoneSimulator.Deploy.0 = Release|Any CPU
		{3DFB849D-180A-4244-984C-F277A5CCDDA9}.Release|x64.ActiveCfg = Release|Any CPU
		{3DFB849D-180A-4244-984C-F277A5CCDDA9}.Release|x64.Build.0 = Release|Any CPU
		{3DFB849D-180A-4244-984C-F277A5CCDDA9}.Release|x64.Deploy.0 = Release|Any CPU
		{3DFB849D-180A-4244-984C-F277A5CCDDA9}.Release|x86.ActiveCfg = Release|Any CPU
		{3DFB849D-180A-4244-984C-F277A5CCDDA9}.Release|x86.Build.0 = Release|Any CPU
		{3DFB849D-180A-4244-984C-F277A5CCDDA9}.Release|x86.Deploy.0 = Release|Any CPU
	EndGlobalSection
	GlobalSection(SolutionProperties) = preSolution
		HideSolutionNode = FALSE
	EndGlobalSection
	GlobalSection(ExtensibilityGlobals) = postSolution
		SolutionGuid = {FF33EC69-0D93-49EE-8C92-87DBC31C60A1}
	EndGlobalSection
EndGlobal
